{"server/graph/gsql/queries/chunks_for_entities.gsql": "92db57b88e7968e6a1fe230a59b28ca9a099c2d691ab0613d09377752c80ca8c", "server/graph/gsql/queries/stake_aggregate.gsql": "335a845e71ad7ce149521d97e28884bba1175f3cd34eb9400ab35a796dc4063d", "server/graph/gsql/queries/path_between.gsql": "2c0b063a132c9997eef4e88832773aad0670e83773efff9dea4cf655282dfc7d", "server/graph/gsql/queries/entity_neighbors.gsql": "94d5542a68a35df0d817914195f55f552d5e76d03a274c48b2a5de08e6ea172c", "server/graph/gsql/queries/shared_directors.gsql": "bb165794b81ce3e1075ac1c26af32c82fa6ff18851d66076d3d8a8004c91180b", "server/graph/gsql/queries/get_edge_by_id.gsql": "6dbbd1f556630b22c310fb51096b06a4b86462b23b63d1f402c2b825a590858d"}