{"server/graph/gsql/queries/chunks_for_entities.gsql": "cd1f7e3a97a3e86a6e3faa588970dd1e4176294c49c1f11f2387a49c7f24bdcf", "server/graph/gsql/queries/stake_aggregate.gsql": "39fbf6e42dd0c624e209e46fc27e10bbfbf861886810b1c24a624848ccd08c8f", "server/graph/gsql/queries/path_between.gsql": "fc4e4955eea79f5f51db3c816c2258054ebb1c83633c25a2035bf11096f20b73", "server/graph/gsql/queries/subgraph_by_edges.gsql": "ebdf54387a324c96be5b2d542a9fc49b1067b5d7187353dcd931ed994502ba42", "server/graph/gsql/queries/entity_neighbors.gsql": "6796752ba6e548906b38e3932f4de149dc66d633c133cd3f81d19b1c96635a29", "server/graph/gsql/queries/expand_hop.gsql": "ead9aa06bd055c2edb2382a99658b6273287edbed188f8c53317c922ebb0ba98", "server/graph/gsql/queries/shared_directors.gsql": "2e731d127bdc956057f855fe9c78291fa6ad82eaf2ce167e827e7120c8a192eb", "server/graph/gsql/queries/get_edge_by_id.gsql": "9e7e88b76d8227c5a026da80b080e229b8ca28697e2a70723955a02c290f88e4"}